[[package]]
name = "atomicwrites"
version = "1.4.0"
description = "Atomic file writes."
category = "dev"
optional = false
python-versions = ">=2.7, !=3.0.*, !=3.1.*, !=3.2.*, !=3.3.*"

[[package]]
name = "attrs"
version = "21.2.0"
description = "Classes Without Boilerplate"
category = "dev"
optional = false
python-versions = ">=2.7, !=3.0.*, !=3.1.*, !=3.2.*, !=3.3.*, !=3.4.*"

[package.extras]
dev = ["coverage[toml] (>=5.0.2)", "hypothesis", "pympler", "pytest (>=4.3.0)", "six", "mypy", "pytest-mypy-plugins", "zope.interface", "furo", "sphinx", "sphinx-notfound-page", "pre-commit"]
docs = ["furo", "sphinx", "zope.interface", "sphinx-notfound-page"]
tests = ["coverage[toml] (>=5.0.2)", "hypothesis", "pympler", "pytest (>=4.3.0)", "six", "mypy", "pytest-mypy-plugins", "zope.interface"]
tests_no_zope = ["coverage[toml] (>=5.0.2)", "hypothesis", "pympler", "pytest (>=4.3.0)", "six", "mypy", "pytest-mypy-plugins"]

[[package]]
name = "certifi"
version = "2021.5.30"
description = "Python package for providing Mozilla's CA Bundle."
category = "main"
optional = false
python-versions = "*"

[[package]]
name = "charset-normalizer"
version = "2.0.4"
description = "The Real First Universal Charset Detector. Open, modern and actively maintained alternative to Chardet."
category = "main"
optional = false
python-versions = ">=3.5.0"

[package.extras]
unicode_backport = ["unicodedata2"]

[[package]]
name = "colorama"
version = "0.4.4"
description = "Cross-platform colored terminal text."
category = "dev"
optional = false
python-versions = ">=2.7, !=3.0.*, !=3.1.*, !=3.2.*, !=3.3.*, !=3.4.*"

[[package]]
name = "idna"
version = "3.2"
description = "Internationalized Domain Names in Applications (IDNA)"
category = "main"
optional = false
python-versions = ">=3.5"

[[package]]
name = "iniconfig"
version = "1.1.1"
description = "iniconfig: brain-dead simple config-ini parsing"
category = "dev"
optional = false
python-versions = "*"

[[package]]
name = "lol-dto"
version = "2.0.0a4"
description = "A unified representation of League of Legends-related information"
category = "main"
optional = false
python-versions = ">=3.7,<4.0"

[package.extras]
names = ["lol-id-tools (>=1.7.1,<2.0.0)"]

[[package]]
name = "lol-id-tools"
version = "1.7.1"
description = "An id tool for League of Legends with fuzzy string matching, nicknames, multiple locales, automatic updates, and translation."
category = "main"
optional = false
python-versions = "*"

[package.dependencies]
rapidfuzz = ">=0.14"
requests = "*"

[[package]]
name = "mwcleric"
version = "0.6.6"
description = "River's mwclient wrapper"
category = "main"
optional = false
python-versions = ">=3.6"

[package.dependencies]
mwclient = ">=0.10.1"
mwparserfromhell = "*"
pytz = "*"

[[package]]
name = "mwclient"
version = "0.10.1"
description = "MediaWiki API client"
category = "main"
optional = false
python-versions = "*"

[package.dependencies]
requests-oauthlib = "*"
six = "*"

[[package]]
name = "mwparserfromhell"
version = "0.6.3"
description = "MWParserFromHell is a parser for MediaWiki wikicode."
category = "main"
optional = false
python-versions = ">= 3.5"

[[package]]
name = "mwrogue"
version = "0.0.9"
description = "Client for accessing Fandom/Gamepedia Esports Wikis"
category = "main"
optional = false
python-versions = ">=3.6"

[package.dependencies]
mwcleric = ">=0.6.2"
mwclient = ">=0.10.1"
mwparserfromhell = "*"
python-dateutil = "*"
pytz = "*"
Unidecode = "*"

[[package]]
name = "numpy"
version = "1.21.1"
description = "NumPy is the fundamental package for array computing with Python."
category = "main"
optional = false
python-versions = ">=3.7"

[[package]]
name = "oauthlib"
version = "3.1.1"
description = "A generic, spec-compliant, thorough implementation of the OAuth request-signing logic"
category = "main"
optional = false
python-versions = ">=3.6"

[package.extras]
rsa = ["cryptography (>=3.0.0,<4)"]
signals = ["blinker (>=1.4.0)"]
signedtoken = ["cryptography (>=3.0.0,<4)", "pyjwt (>=2.0.0,<3)"]

[[package]]
name = "packaging"
version = "21.0"
description = "Core utilities for Python packages"
category = "dev"
optional = false
python-versions = ">=3.6"

[package.dependencies]
pyparsing = ">=2.0.2"

[[package]]
name = "pluggy"
version = "1.0.0"
description = "plugin and hook calling mechanisms for python"
category = "dev"
optional = false
python-versions = ">=3.6"

[package.extras]
dev = ["pre-commit", "tox"]
testing = ["pytest", "pytest-benchmark"]

[[package]]
name = "py"
version = "1.10.0"
description = "library with cross-python path, ini-parsing, io, code, log facilities"
category = "dev"
optional = false
python-versions = ">=2.7, !=3.0.*, !=3.1.*, !=3.2.*, !=3.3.*"

[[package]]
name = "pyparsing"
version = "2.4.7"
description = "Python parsing module"
category = "dev"
optional = false
python-versions = ">=2.6, !=3.0.*, !=3.1.*, !=3.2.*"

[[package]]
name = "pytest"
version = "6.2.5"
description = "pytest: simple powerful testing with Python"
category = "dev"
optional = false
python-versions = ">=3.6"

[package.dependencies]
atomicwrites = {version = ">=1.0", markers = "sys_platform == \"win32\""}
attrs = ">=19.2.0"
colorama = {version = "*", markers = "sys_platform == \"win32\""}
iniconfig = "*"
packaging = "*"
pluggy = ">=0.12,<2.0"
py = ">=1.8.2"
toml = "*"

[package.extras]
testing = ["argcomplete", "hypothesis (>=3.56)", "mock", "nose", "requests", "xmlschema"]

[[package]]
name = "python-dateutil"
version = "2.8.2"
description = "Extensions to the standard Python datetime module"
category = "main"
optional = false
python-versions = "!=3.0.*,!=3.1.*,!=3.2.*,>=2.7"

[package.dependencies]
six = ">=1.5"

[[package]]
name = "pytz"
version = "2021.1"
description = "World timezone definitions, modern and historical"
category = "main"
optional = false
python-versions = "*"

[[package]]
name = "rapidfuzz"
version = "1.6.1"
description = "rapid fuzzy string matching"
category = "main"
optional = false
python-versions = ">=2.7"

[package.dependencies]
numpy = "*"

[[package]]
name = "requests"
version = "2.26.0"
description = "Python HTTP for Humans."
category = "main"
optional = false
python-versions = ">=2.7, !=3.0.*, !=3.1.*, !=3.2.*, !=3.3.*, !=3.4.*, !=3.5.*"

[package.dependencies]
certifi = ">=2017.4.17"
charset-normalizer = {version = ">=2.0.0,<2.1.0", markers = "python_version >= \"3\""}
idna = {version = ">=2.5,<4", markers = "python_version >= \"3\""}
urllib3 = ">=1.21.1,<1.27"

[package.extras]
socks = ["PySocks (>=1.5.6,!=1.5.7)", "win-inet-pton"]
use_chardet_on_py3 = ["chardet (>=3.0.2,<5)"]

[[package]]
name = "requests-oauthlib"
version = "1.3.0"
description = "OAuthlib authentication support for Requests."
category = "main"
optional = false
python-versions = ">=2.7, !=3.0.*, !=3.1.*, !=3.2.*, !=3.3.*"

[package.dependencies]
oauthlib = ">=3.0.0"
requests = ">=2.0.0"

[package.extras]
rsa = ["oauthlib[signedtoken] (>=3.0.0)"]

[[package]]
name = "six"
version = "1.16.0"
description = "Python 2 and 3 compatibility utilities"
category = "main"
optional = false
python-versions = ">=2.7, !=3.0.*, !=3.1.*, !=3.2.*"

[[package]]
name = "toml"
version = "0.10.2"
description = "Python Library for Tom's Obvious, Minimal Language"
category = "dev"
optional = false
python-versions = ">=2.6, !=3.0.*, !=3.1.*, !=3.2.*"

[[package]]
name = "unidecode"
version = "1.3.1"
description = "ASCII transliterations of Unicode text"
category = "main"
optional = false
python-versions = ">=3.5"

[[package]]
name = "urllib3"
version = "1.26.6"
description = "HTTP library with thread-safe connection pooling, file post, and more."
category = "main"
optional = false
python-versions = ">=2.7, !=3.0.*, !=3.1.*, !=3.2.*, !=3.3.*, !=3.4.*, <4"

[package.extras]
brotli = ["brotlipy (>=0.6.0)"]
secure = ["pyOpenSSL (>=0.14)", "cryptography (>=1.3.4)", "idna (>=2.0.0)", "certifi", "ipaddress"]
socks = ["PySocks (>=1.5.6,!=1.5.7,<2.0)"]

[metadata]
lock-version = "1.1"
python-versions = "^3.8"
content-hash = "b152e3c820a48c981b6e201bdb6b855cf55bb2cead0ca9bc5b96d2ffbe5ca19e"

[metadata.files]
atomicwrites = [
    {file = "atomicwrites-1.4.0-py2.py3-none-any.whl", hash = "sha256:6d1784dea7c0c8d4a5172b6c620f40b6e4cbfdf96d783691f2e1302a7b88e197"},
    {file = "atomicwrites-1.4.0.tar.gz", hash = "sha256:ae70396ad1a434f9c7046fd2dd196fc04b12f9e91ffb859164193be8b6168a7a"},
]
attrs = [
    {file = "attrs-21.2.0-py2.py3-none-any.whl", hash = "sha256:149e90d6d8ac20db7a955ad60cf0e6881a3f20d37096140088356da6c716b0b1"},
    {file = "attrs-21.2.0.tar.gz", hash = "sha256:ef6aaac3ca6cd92904cdd0d83f629a15f18053ec84e6432106f7a4d04ae4f5fb"},
]
certifi = [
    {file = "certifi-2021.5.30-py2.py3-none-any.whl", hash = "sha256:50b1e4f8446b06f41be7dd6338db18e0990601dce795c2b1686458aa7e8fa7d8"},
    {file = "certifi-2021.5.30.tar.gz", hash = "sha256:2bbf76fd432960138b3ef6dda3dde0544f27cbf8546c458e60baf371917ba9ee"},
]
charset-normalizer = [
    {file = "charset-normalizer-2.0.4.tar.gz", hash = "sha256:f23667ebe1084be45f6ae0538e4a5a865206544097e4e8bbcacf42cd02a348f3"},
    {file = "charset_normalizer-2.0.4-py3-none-any.whl", hash = "sha256:0c8911edd15d19223366a194a513099a302055a962bca2cec0f54b8b63175d8b"},
]
colorama = [
    {file = "colorama-0.4.4-py2.py3-none-any.whl", hash = "sha256:9f47eda37229f68eee03b24b9748937c7dc3868f906e8ba69fbcbdd3bc5dc3e2"},
    {file = "colorama-0.4.4.tar.gz", hash = "sha256:5941b2b48a20143d2267e95b1c2a7603ce057ee39fd88e7329b0c292aa16869b"},
]
idna = [
    {file = "idna-3.2-py3-none-any.whl", hash = "sha256:14475042e284991034cb48e06f6851428fb14c4dc953acd9be9a5e95c7b6dd7a"},
    {file = "idna-3.2.tar.gz", hash = "sha256:467fbad99067910785144ce333826c71fb0e63a425657295239737f7ecd125f3"},
]
iniconfig = [
    {file = "iniconfig-1.1.1-py2.py3-none-any.whl", hash = "sha256:011e24c64b7f47f6ebd835bb12a743f2fbe9a26d4cecaa7f53bc4f35ee9da8b3"},
    {file = "iniconfig-1.1.1.tar.gz", hash = "sha256:bc3af051d7d14b2ee5ef9969666def0cd1a000e121eaea580d4a313df4b37f32"},
]
lol-dto = [
    {file = "lol_dto-2.0.0a4-py3-none-any.whl", hash = "sha256:ff66743fc31635d78a549cd65a14d8cb10058a48f5732d0c4625a0d4c3fbf76f"},
    {file = "lol_dto-2.0.0a4.tar.gz", hash = "sha256:5762c30c80284e52ec0290bfb91a56106df256ef594456e7aca77b9d34f512df"},
]
lol-id-tools = [
    {file = "lol_id_tools-1.7.1.tar.gz", hash = "sha256:4ab9367151022004ef712aeca74f80ab3dada626077f46f6626e6b4c8b82e409"},
]
mwcleric = [
    {file = "mwcleric-0.6.6.tar.gz", hash = "sha256:feb7eb323021cac0f55cd8e59d757622f68e78da8e1ca59d4dd3475d58c3c71d"},
]
mwclient = [
    {file = "mwclient-0.10.1-py2.py3-none-any.whl", hash = "sha256:7aad000c4c7f239c7c92c43e2d5fbdaf8573262accd6070524ff42e46950306e"},
    {file = "mwclient-0.10.1.tar.gz", hash = "sha256:79363dd8d12f5e3b91b92b63152bf9dfef27da786c076a244e1f148c8dd67139"},
]
mwparserfromhell = [
    {file = "mwparserfromhell-0.6.3-cp35-cp35m-macosx_10_14_x86_64.whl", hash = "sha256:264b5006cbd5b3fd9c0fbcec1aa804f0f6dc0e12937224a647fe555b20b85807"},
    {file = "mwparserfromhell-0.6.3-cp35-cp35m-manylinux_2_5_x86_64.manylinux1_x86_64.whl", hash = "sha256:f3ffca4a6e830b1a548a247aea16d5077488f2bc6a17fad9f19be3715e4fbccf"},
    {file = "mwparserfromhell-0.6.3-cp36-cp36m-macosx_10_14_x86_64.whl", hash = "sha256:0461a5d2b6e31ac896383fe8c4ca4fe4d73deb8e0f3bdb3f69200eec80706f8d"},
    {file = "mwparserfromhell-0.6.3-cp36-cp36m-manylinux_2_17_aarch64.manylinux2014_aarch64.whl", hash = "sha256:204b93865bac3d6bd18affa8fb014dd73b8297224f68888083076b5ad08c3ff4"},
    {file = "mwparserfromhell-0.6.3-cp36-cp36m-manylinux_2_5_x86_64.manylinux1_x86_64.whl", hash = "sha256:a3743117b295a277d82f5018e0ca6ee3620eda40e4ee4d293eaf335aa2f27bfd"},
    {file = "mwparserfromhell-0.6.3-cp36-cp36m-win32.whl", hash = "sha256:fedb5afed509477847ea26a45a02e242779c22d2de2df3b00fc3ad07e2f884ca"},
    {file = "mwparserfromhell-0.6.3-cp36-cp36m-win_amd64.whl", hash = "sha256:eb2dbedffa2fc4111e9b6c276fe7254e7bd678444d5193658adc286392b39e4d"},
    {file = "mwparserfromhell-0.6.3-cp37-cp37m-macosx_10_14_x86_64.whl", hash = "sha256:961321b9256a062bdc1013603fd795ca91cd728470b01760ff1b4579bfd82c66"},
    {file = "mwparserfromhell-0.6.3-cp37-cp37m-manylinux_2_17_aarch64.manylinux2014_aarch64.whl", hash = "sha256:1e013514db0a0e66d5c237e9baf937aaffb2865cd2d9c2230ded2794200e6dc9"},
    {file = "mwparserfromhell-0.6.3-cp37-cp37m-manylinux_2_5_x86_64.manylinux1_x86_64.whl", hash = "sha256:03ab27157dca1f4605b2bfd23f5ace998e16f8c8ac3514b247b07b0f8debff03"},
    {file = "mwparserfromhell-0.6.3-cp37-cp37m-win32.whl", hash = "sha256:4691f221f04f9b0fa57d122ece872aa17f156e75ff64d0b383dd32922e0be7ee"},
    {file = "mwparserfromhell-0.6.3-cp37-cp37m-win_amd64.whl", hash = "sha256:2a560364b96e2ac2d845968185ea3375708e71cfc4e365d5d4d774f2678fea1a"},
    {file = "mwparserfromhell-0.6.3-cp38-cp38-macosx_10_14_x86_64.whl", hash = "sha256:25b3aef7260aab5c0f638fe96a1ba50c95afe883bf95388a606cc32303522b5b"},
    {file = "mwparserfromhell-0.6.3-cp38-cp38-manylinux_2_17_aarch64.manylinux2014_aarch64.whl", hash = "sha256:984bdee768bfcf371f1eca03a19b0a93004002a3f1537516974721304852c318"},
    {file = "mwparserfromhell-0.6.3-cp38-cp38-manylinux_2_5_x86_64.manylinux1_x86_64.whl", hash = "sha256:cb0a581cc675d54f8ccb0e0b48ef6d8f37f6f5e56351fc855166ec9b36d70c26"},
    {file = "mwparserfromhell-0.6.3-cp38-cp38-win32.whl", hash = "sha256:938752f174bf642793d08c4cfde3f3914685292cf7cd5257ce66cf99c5c16e47"},
    {file = "mwparserfromhell-0.6.3-cp38-cp38-win_amd64.whl", hash = "sha256:0f145435a0b34d25958bb9bc86dfb228572ce3df93216d23289501caa253340f"},
    {file = "mwparserfromhell-0.6.3-cp39-cp39-macosx_10_14_x86_64.whl", hash = "sha256:57d1fd8b590549fcf9c4a4c8734aa4883ebce706d3063a1d179e85fa32999632"},
    {file = "mwparserfromhell-0.6.3-cp39-cp39-manylinux_2_17_aarch64.manylinux2014_aarch64.whl", hash = "sha256:6df23bff38e29dcbe2d08dce57df5b679f4a6d0cdbd5bdbb55f8c62fe9723e2f"},
    {file = "mwparserfromhell-0.6.3-cp39-cp39-manylinux_2_5_x86_64.manylinux1_x86_64.whl", hash = "sha256:842c37e4b9abf76115ea4a590087d08460f6787cdc4d814236fc4b53e1307950"},
    {file = "mwparserfromhell-0.6.3-cp39-cp39-win32.whl", hash = "sha256:94c1f05f80db117354044d4f43703232382f57e2fc6c567a08f42abede724322"},
    {file = "mwparserfromhell-0.6.3-cp39-cp39-win_amd64.whl", hash = "sha256:e10f36956ebacffa38d4ddd60ec5872d2e1a1883f91134435412424b1789f81c"},
    {file = "mwparserfromhell-0.6.3.tar.gz", hash = "sha256:1ad779f1bc0808d280ec1026c9de74f424de535568e21debd12830b5b0fa097e"},
]
mwrogue = [
    {file = "mwrogue-0.0.9.tar.gz", hash = "sha256:05f6e304599ba1ff5b14bcd3a302bd082f265c8171b789b6664ff48be3ac8332"},
]
numpy = [
    {file = "numpy-1.21.1-cp37-cp37m-macosx_10_9_x86_64.whl", hash = "sha256:38e8648f9449a549a7dfe8d8755a5979b45b3538520d1e735637ef28e8c2dc50"},
    {file = "numpy-1.21.1-cp37-cp37m-manylinux_2_12_i686.manylinux2010_i686.whl", hash = "sha256:fd7d7409fa643a91d0a05c7554dd68aa9c9bb16e186f6ccfe40d6e003156e33a"},
    {file = "numpy-1.21.1-cp37-cp37m-manylinux_2_12_x86_64.manylinux2010_x86_64.whl", hash = "sha256:a75b4498b1e93d8b700282dc8e655b8bd559c0904b3910b144646dbbbc03e062"},
    {file = "numpy-1.21.1-cp37-cp37m-manylinux_2_17_aarch64.manylinux2014_aarch64.whl", hash = "sha256:1412aa0aec3e00bc23fbb8664d76552b4efde98fb71f60737c83efbac24112f1"},
    {file = "numpy-1.21.1-cp37-cp37m-manylinux_2_5_i686.manylinux1_i686.whl", hash = "sha256:e46ceaff65609b5399163de5893d8f2a82d3c77d5e56d976c8b5fb01faa6b671"},
    {file = "numpy-1.21.1-cp37-cp37m-manylinux_2_5_x86_64.manylinux1_x86_64.whl", hash = "sha256:c6a2324085dd52f96498419ba95b5777e40b6bcbc20088fddb9e8cbb58885e8e"},
    {file = "numpy-1.21.1-cp37-cp37m-win32.whl", hash = "sha256:73101b2a1fef16602696d133db402a7e7586654682244344b8329cdcbbb82172"},
    {file = "numpy-1.21.1-cp37-cp37m-win_amd64.whl", hash = "sha256:7a708a79c9a9d26904d1cca8d383bf869edf6f8e7650d85dbc77b041e8c5a0f8"},
    {file = "numpy-1.21.1-cp38-cp38-macosx_10_9_universal2.whl", hash = "sha256:95b995d0c413f5d0428b3f880e8fe1660ff9396dcd1f9eedbc311f37b5652e16"},
    {file = "numpy-1.21.1-cp38-cp38-macosx_10_9_x86_64.whl", hash = "sha256:635e6bd31c9fb3d475c8f44a089569070d10a9ef18ed13738b03049280281267"},
    {file = "numpy-1.21.1-cp38-cp38-macosx_11_0_arm64.whl", hash = "sha256:4a3d5fb89bfe21be2ef47c0614b9c9c707b7362386c9a3ff1feae63e0267ccb6"},
    {file = "numpy-1.21.1-cp38-cp38-manylinux_2_12_i686.manylinux2010_i686.whl", hash = "sha256:8a326af80e86d0e9ce92bcc1e65c8ff88297de4fa14ee936cb2293d414c9ec63"},
    {file = "numpy-1.21.1-cp38-cp38-manylinux_2_12_x86_64.manylinux2010_x86_64.whl", hash = "sha256:791492091744b0fe390a6ce85cc1bf5149968ac7d5f0477288f78c89b385d9af"},
    {file = "numpy-1.21.1-cp38-cp38-manylinux_2_17_aarch64.manylinux2014_aarch64.whl", hash = "sha256:0318c465786c1f63ac05d7c4dbcecd4d2d7e13f0959b01b534ea1e92202235c5"},
    {file = "numpy-1.21.1-cp38-cp38-manylinux_2_5_i686.manylinux1_i686.whl", hash = "sha256:9a513bd9c1551894ee3d31369f9b07460ef223694098cf27d399513415855b68"},
    {file = "numpy-1.21.1-cp38-cp38-manylinux_2_5_x86_64.manylinux1_x86_64.whl", hash = "sha256:91c6f5fc58df1e0a3cc0c3a717bb3308ff850abdaa6d2d802573ee2b11f674a8"},
    {file = "numpy-1.21.1-cp38-cp38-win32.whl", hash = "sha256:978010b68e17150db8765355d1ccdd450f9fc916824e8c4e35ee620590e234cd"},
    {file = "numpy-1.21.1-cp38-cp38-win_amd64.whl", hash = "sha256:9749a40a5b22333467f02fe11edc98f022133ee1bfa8ab99bda5e5437b831214"},
    {file = "numpy-1.21.1-cp39-cp39-macosx_10_9_universal2.whl", hash = "sha256:d7a4aeac3b94af92a9373d6e77b37691b86411f9745190d2c351f410ab3a791f"},
    {file = "numpy-1.21.1-cp39-cp39-macosx_10_9_x86_64.whl", hash = "sha256:d9e7912a56108aba9b31df688a4c4f5cb0d9d3787386b87d504762b6754fbb1b"},
    {file = "numpy-1.21.1-cp39-cp39-macosx_11_0_arm64.whl", hash = "sha256:25b40b98ebdd272bc3020935427a4530b7d60dfbe1ab9381a39147834e985eac"},
    {file = "numpy-1.21.1-cp39-cp39-manylinux_2_12_i686.manylinux2010_i686.whl", hash = "sha256:8a92c5aea763d14ba9d6475803fc7904bda7decc2a0a68153f587ad82941fec1"},
    {file = "numpy-1.21.1-cp39-cp39-manylinux_2_12_x86_64.manylinux2010_x86_64.whl", hash = "sha256:05a0f648eb28bae4bcb204e6fd14603de2908de982e761a2fc78efe0f19e96e1"},
    {file = "numpy-1.21.1-cp39-cp39-manylinux_2_17_aarch64.manylinux2014_aarch64.whl", hash = "sha256:f01f28075a92eede918b965e86e8f0ba7b7797a95aa8d35e1cc8821f5fc3ad6a"},
    {file = "numpy-1.21.1-cp39-cp39-win32.whl", hash = "sha256:88c0b89ad1cc24a5efbb99ff9ab5db0f9a86e9cc50240177a571fbe9c2860ac2"},
    {file = "numpy-1.21.1-cp39-cp39-win_amd64.whl", hash = "sha256:01721eefe70544d548425a07c80be8377096a54118070b8a62476866d5208e33"},
    {file = "numpy-1.21.1-pp37-pypy37_pp73-manylinux_2_12_x86_64.manylinux2010_x86_64.whl", hash = "sha256:2d4d1de6e6fb3d28781c73fbde702ac97f03d79e4ffd6598b880b2d95d62ead4"},
    {file = "numpy-1.21.1.zip", hash = "sha256:dff4af63638afcc57a3dfb9e4b26d434a7a602d225b42d746ea7fe2edf1342fd"},
]
oauthlib = [
    {file = "oauthlib-3.1.1-py2.py3-none-any.whl", hash = "sha256:42bf6354c2ed8c6acb54d971fce6f88193d97297e18602a3a886603f9d7730cc"},
    {file = "oauthlib-3.1.1.tar.gz", hash = "sha256:8f0215fcc533dd8dd1bee6f4c412d4f0cd7297307d43ac61666389e3bc3198a3"},
]
packaging = [
    {file = "packaging-21.0-py3-none-any.whl", hash = "sha256:c86254f9220d55e31cc94d69bade760f0847da8000def4dfe1c6b872fd14ff14"},
    {file = "packaging-21.0.tar.gz", hash = "sha256:7dc96269f53a4ccec5c0670940a4281106dd0bb343f47b7471f779df49c2fbe7"},
]
pluggy = [
    {file = "pluggy-1.0.0-py2.py3-none-any.whl", hash = "sha256:74134bbf457f031a36d68416e1509f34bd5ccc019f0bcc952c7b909d06b37bd3"},
    {file = "pluggy-1.0.0.tar.gz", hash = "sha256:4224373bacce55f955a878bf9cfa763c1e360858e330072059e10bad68531159"},
]
py = [
    {file = "py-1.10.0-py2.py3-none-any.whl", hash = "sha256:3b80836aa6d1feeaa108e046da6423ab8f6ceda6468545ae8d02d9d58d18818a"},
    {file = "py-1.10.0.tar.gz", hash = "sha256:21b81bda15b66ef5e1a777a21c4dcd9c20ad3efd0b3f817e7a809035269e1bd3"},
]
pyparsing = [
    {file = "pyparsing-2.4.7-py2.py3-none-any.whl", hash = "sha256:ef9d7589ef3c200abe66653d3f1ab1033c3c419ae9b9bdb1240a85b024efc88b"},
    {file = "pyparsing-2.4.7.tar.gz", hash = "sha256:c203ec8783bf771a155b207279b9bccb8dea02d8f0c9e5f8ead507bc3246ecc1"},
]
pytest = [
    {file = "pytest-6.2.5-py3-none-any.whl", hash = "sha256:7310f8d27bc79ced999e760ca304d69f6ba6c6649c0b60fb0e04a4a77cacc134"},
    {file = "pytest-6.2.5.tar.gz", hash = "sha256:131b36680866a76e6781d13f101efb86cf674ebb9762eb70d3082b6f29889e89"},
]
python-dateutil = [
    {file = "python-dateutil-2.8.2.tar.gz", hash = "sha256:0123cacc1627ae19ddf3c27a5de5bd67ee4586fbdd6440d9748f8abb483d3e86"},
    {file = "python_dateutil-2.8.2-py2.py3-none-any.whl", hash = "sha256:961d03dc3453ebbc59dbdea9e4e11c5651520a876d0f4db161e8674aae935da9"},
]
pytz = [
    {file = "pytz-2021.1-py2.py3-none-any.whl", hash = "sha256:eb10ce3e7736052ed3623d49975ce333bcd712c7bb19a58b9e2089d4057d0798"},
    {file = "pytz-2021.1.tar.gz", hash = "sha256:83a4a90894bf38e243cf052c8b58f381bfe9a7a483f6a9cab140bc7f702ac4da"},
]
rapidfuzz = [
    {file = "rapidfuzz-1.6.1-cp27-cp27m-macosx_10_9_x86_64.whl", hash = "sha256:ef307be084a6022f07fbcdb2614d3d92818750c4df97f38cf12551e029543ea4"},
    {file = "rapidfuzz-1.6.1-cp27-cp27m-manylinux2010_i686.whl", hash = "sha256:1b6afbde4ac6cab1d5162bcf90d56b95b67632fbbeec77c923f0628381f12a4e"},
    {file = "rapidfuzz-1.6.1-cp27-cp27m-manylinux2010_x86_64.whl", hash = "sha256:e6fc27ab404ee918dd92bd3200aae98e4539f3383e2fec39b6fea7ed70e9eb61"},
    {file = "rapidfuzz-1.6.1-cp27-cp27m-win32.whl", hash = "sha256:c266e7de2f3d29648a06ae15d650c029c2021e6cdee3bc67fdaabeff47385e49"},
    {file = "rapidfuzz-1.6.1-cp27-cp27m-win_amd64.whl", hash = "sha256:dc133cfed87dadf620d780a2f9334c6209b1a6eed030e10bd3f7c5d9d52bbce1"},
    {file = "rapidfuzz-1.6.1-cp27-cp27mu-manylinux2010_i686.whl", hash = "sha256:8888ffc8f2504dcc5943bd2b016f20b69d6c94695fcb6626cd193703c0667c67"},
    {file = "rapidfuzz-1.6.1-cp27-cp27mu-manylinux2010_x86_64.whl", hash = "sha256:23b6ae916278b3b4591f8749a264ef41fa11cb6abd736eadf9a625d45f800e72"},
    {file = "rapidfuzz-1.6.1-cp35-cp35m-macosx_10_9_x86_64.whl", hash = "sha256:02ccc031bb18dad5834e4e22795b6980471522ef6557e6ced1685c5cb43d411c"},
    {file = "rapidfuzz-1.6.1-cp35-cp35m-manylinux1_i686.whl", hash = "sha256:ca2178f56017a117afe76dd8192c07e4f18df116516893f7218e3f8689680489"},
    {file = "rapidfuzz-1.6.1-cp35-cp35m-manylinux1_x86_64.whl", hash = "sha256:fe3eba011c105d4d69cbbed9e7d64edea9077c45f3c2fdfa06cc8747b55f2e56"},
    {file = "rapidfuzz-1.6.1-cp35-cp35m-manylinux2010_i686.whl", hash = "sha256:317fafb2e725490721e76ee6b660dff1c10e959199dd525c447a1044ecfd2eaf"},
    {file = "rapidfuzz-1.6.1-cp35-cp35m-manylinux2010_x86_64.whl", hash = "sha256:9ef4d63990c8ed1fe57f402302e612da4ffa712d5ff8f760a83f18ed72cc54dd"},
    {file = "rapidfuzz-1.6.1-cp35-cp35m-win32.whl", hash = "sha256:24b4fed0e31f975d7325ec26552eb71c2a0f17dfa7867fd8c9d59aadc749a960"},
    {file = "rapidfuzz-1.6.1-cp35-cp35m-win_amd64.whl", hash = "sha256:9ae20b5687121966b67658911f48fd938565b18b510633e6f56e3d04d1d15409"},
    {file = "rapidfuzz-1.6.1-cp36-cp36m-manylinux_2_17_aarch64.manylinux2014_aarch64.whl", hash = "sha256:75503a5c57c4353ddf99615557836b4dc7da78443099f269a4c7e504ddc6e9eb"},
    {file = "rapidfuzz-1.6.1-cp36-cp36m-manylinux_2_17_ppc64le.manylinux2014_ppc64le.whl", hash = "sha256:c9e0594fd26b01ab81c25acd0d35e6f1ec91a0bd7bbb03568247db5501401f5f"},
    {file = "rapidfuzz-1.6.1-cp36-cp36m-manylinux_2_17_s390x.manylinux2014_s390x.whl", hash = "sha256:d4c81df7e4f9a3ed9983ff0ec13b5e88d31596d996b919eeca8b1002e8367045"},
    {file = "rapidfuzz-1.6.1-cp36-cp36m-manylinux_2_5_i686.manylinux1_i686.manylinux_2_12_i686.manylinux2010_i686.whl", hash = "sha256:df8fcb829ac760b6743626143d33470b65a7a758558646c396fa7334fd9dd995"},
    {file = "rapidfuzz-1.6.1-cp36-cp36m-manylinux_2_5_x86_64.manylinux1_x86_64.manylinux_2_12_x86_64.manylinux2010_x86_64.whl", hash = "sha256:a9e7f82401a66b40b3b0588761495aadd53c9c24d36f3543f0d82e5cce126964"},
    {file = "rapidfuzz-1.6.1-cp37-cp37m-macosx_10_9_x86_64.whl", hash = "sha256:17c23bc209f02d7481a3ad0d9fe72674a3fb8c7b3b72477d4aae311d67924f7f"},
    {file = "rapidfuzz-1.6.1-cp37-cp37m-manylinux_2_17_aarch64.manylinux2014_aarch64.whl", hash = "sha256:5a764b8a8eca7980fe21e95fe54b506273a6f62b5083234de3133877b69c8482"},
    {file = "rapidfuzz-1.6.1-cp37-cp37m-manylinux_2_17_ppc64le.manylinux2014_ppc64le.whl", hash = "sha256:7394d4624b181346654fd0c2f1a94bd24aff3b68dc42044c4c6954c17822ed31"},
    {file = "rapidfuzz-1.6.1-cp37-cp37m-manylinux_2_17_s390x.manylinux2014_s390x.whl", hash = "sha256:589baf8444719e8466fef7db9854fb190af871c1b97538d2e249a3c4f621d972"},
    {file = "rapidfuzz-1.6.1-cp37-cp37m-manylinux_2_5_i686.manylinux1_i686.manylinux_2_12_i686.manylinux2010_i686.whl", hash = "sha256:ca7989d42c9c14ad576e8a655d5f0ae5d10777332e1cc9384267a423f93b498a"},
    {file = "rapidfuzz-1.6.1-cp37-cp37m-manylinux_2_5_x86_64.manylinux1_x86_64.manylinux_2_12_x86_64.manylinux2010_x86_64.whl", hash = "sha256:f8dea0e89791c5ac55ff314a6ac2aa699b69bf0c802e7253628baa730d80f68b"},
    {file = "rapidfuzz-1.6.1-cp37-cp37m-win32.whl", hash = "sha256:65e331eefee945ba5c9c00aa0af0eb8db94515f6f46090e5991152ef77b92e53"},
    {file = "rapidfuzz-1.6.1-cp37-cp37m-win_amd64.whl", hash = "sha256:4f10c8a1656eccddad84c9380715d6a5acfa1652c2a261fff166ef786904ba20"},
    {file = "rapidfuzz-1.6.1-cp38-cp38-macosx_10_9_universal2.whl", hash = "sha256:61900b8e4574277056b5de177c194e628ce2eb750fad94c8ba5995ae1a356fc1"},
    {file = "rapidfuzz-1.6.1-cp38-cp38-macosx_10_9_x86_64.whl", hash = "sha256:375703ba1e5928cc6dae755e716bd13ce6dce8c51e0dae64d900adf5ccaf8d24"},
    {file = "rapidfuzz-1.6.1-cp38-cp38-macosx_11_0_arm64.whl", hash = "sha256:d7cdd8a82c4ff7871f4dad3b45940ebc12aee8fcd32182d5cbafbad607f34d72"},
    {file = "rapidfuzz-1.6.1-cp38-cp38-manylinux_2_17_aarch64.manylinux2014_aarch64.whl", hash = "sha256:9acb9fa62b34b839c69372e60d52bca24f994ede1e8d37bea4b905e197009c7a"},
    {file = "rapidfuzz-1.6.1-cp38-cp38-manylinux_2_17_ppc64le.manylinux2014_ppc64le.whl", hash = "sha256:c1ced861667713655ce2ec5300945d42b33e22b14d373ce1a37a9ac883007a50"},
    {file = "rapidfuzz-1.6.1-cp38-cp38-manylinux_2_17_s390x.manylinux2014_s390x.whl", hash = "sha256:f5a8001dc1d83b904fba421df6d715a0c5f2a15396c48ee1792b4e00081460d9"},
    {file = "rapidfuzz-1.6.1-cp38-cp38-manylinux_2_5_i686.manylinux1_i686.manylinux_2_12_i686.manylinux2010_i686.whl", hash = "sha256:5e1dad95996cc2dc382ccb2762e42061494805aac749d63140d62623ee254d64"},
    {file = "rapidfuzz-1.6.1-cp38-cp38-manylinux_2_5_x86_64.manylinux1_x86_64.manylinux_2_12_x86_64.manylinux2010_x86_64.whl", hash = "sha256:48c0da783ce1b604f647db8d0060dc987a1e429abf66afcb932b70179525db0c"},
    {file = "rapidfuzz-1.6.1-cp38-cp38-win32.whl", hash = "sha256:8076188fc13379d05f26c06337a4b1d45ea4ca7c872d77f47cdebb0d06d8e409"},
    {file = "rapidfuzz-1.6.1-cp38-cp38-win_amd64.whl", hash = "sha256:1e0290e09c8dcac11e9631ab59351b67efd50f5eb2f23c0b2faf413cbe393dfa"},
    {file = "rapidfuzz-1.6.1-cp39-cp39-macosx_10_9_universal2.whl", hash = "sha256:d9292132cc011680954bf5ea8535660e90c16fb3af2584e56b7327dacde53e23"},
    {file = "rapidfuzz-1.6.1-cp39-cp39-macosx_10_9_x86_64.whl", hash = "sha256:32262729c0280567b52df5f755a05cbd0689b2f9103e67d67b1538297988f45b"},
    {file = "rapidfuzz-1.6.1-cp39-cp39-macosx_11_0_arm64.whl", hash = "sha256:58a97922a65c3c336a5c8613b70956cf8bb8ecc39b8177581249df3f92144d89"},
    {file = "rapidfuzz-1.6.1-cp39-cp39-manylinux_2_17_aarch64.manylinux2014_aarch64.whl", hash = "sha256:a3d7602067d38f0da988f84aa0694ff277d0ab228b4ea849f10d5a6c797f1ebe"},
    {file = "rapidfuzz-1.6.1-cp39-cp39-manylinux_2_17_ppc64le.manylinux2014_ppc64le.whl", hash = "sha256:ba36dcd6add2e5e9e41e1b016f2fe11a32beabdfd5987f2df4cc3f9322fe2a22"},
    {file = "rapidfuzz-1.6.1-cp39-cp39-manylinux_2_17_s390x.manylinux2014_s390x.whl", hash = "sha256:c734fd58bb80b0930f5bfc2aba46538088bc06e10e9c66a6a32ac609f14fed27"},
    {file = "rapidfuzz-1.6.1-cp39-cp39-manylinux_2_5_i686.manylinux1_i686.manylinux_2_12_i686.manylinux2010_i686.whl", hash = "sha256:f8b42e07efa816413eb58a53feed300898b302cc2180c824a18518c7fdae6124"},
    {file = "rapidfuzz-1.6.1-cp39-cp39-manylinux_2_5_x86_64.manylinux1_x86_64.manylinux_2_12_x86_64.manylinux2010_x86_64.whl", hash = "sha256:24e378ce0629852f55a6c7cefbe3de5d477023d195da44c3bdd224c3cd9400a6"},
    {file = "rapidfuzz-1.6.1-cp39-cp39-win32.whl", hash = "sha256:2af0bf8f4bef68fc56966c9f9c01b6d5412ba063ea670c14bf769081f86bf022"},
    {file = "rapidfuzz-1.6.1-cp39-cp39-win_amd64.whl", hash = "sha256:ce68d063f97e3ac69c6bf77b366d088db3ba0cad60659dfea1add2ed33ed41ba"},
    {file = "rapidfuzz-1.6.1-pp27-pypy_73-macosx_10_9_x86_64.whl", hash = "sha256:e6c93b726666db391275f554a7fc9b20bb7f5fbdd028d94cef3d3f19cd1d33ce"},
    {file = "rapidfuzz-1.6.1-pp27-pypy_73-manylinux2010_x86_64.whl", hash = "sha256:edefe618fa6b4bf1ba684c88a2253b7a475cc85edd2020616287e1619cbe3284"},
    {file = "rapidfuzz-1.6.1-pp37-pypy37_pp73-manylinux_2_5_i686.manylinux1_i686.manylinux_2_12_i686.manylinux2010_i686.whl", hash = "sha256:e0b57bf21e69636da99092406d5effcd4b8ba804c5e1f3b6a075a2f1e2c077d3"},
    {file = "rapidfuzz-1.6.1-pp37-pypy37_pp73-manylinux_2_5_x86_64.manylinux1_x86_64.manylinux_2_12_x86_64.manylinux2010_x86_64.whl", hash = "sha256:3ec0ece8ba8c9a1785a7ec3d2ba0d402cccf8199e99d9c33e98cbeab08be7f18"},
    {file = "rapidfuzz-1.6.1-pp37-pypy37_pp73-win_amd64.whl", hash = "sha256:ddd972f15cc1bd5c95854f0f7ebad55e46f56bdc6545cdbf6fcf71390993785c"},
    {file = "rapidfuzz-1.6.1.tar.gz", hash = "sha256:5cc007251bc6b5d5d8e7e66e6f8e1b36033d3e240845a2e5721a025ef850d690"},
]
requests = [
    {file = "requests-2.26.0-py2.py3-none-any.whl", hash = "sha256:6c1246513ecd5ecd4528a0906f910e8f0f9c6b8ec72030dc9fd154dc1a6efd24"},
    {file = "requests-2.26.0.tar.gz", hash = "sha256:b8aa58f8cf793ffd8782d3d8cb19e66ef36f7aba4353eec859e74678b01b07a7"},
]
requests-oauthlib = [
    {file = "requests-oauthlib-1.3.0.tar.gz", hash = "sha256:b4261601a71fd721a8bd6d7aa1cc1d6a8a93b4a9f5e96626f8e4d91e8beeaa6a"},
    {file = "requests_oauthlib-1.3.0-py2.py3-none-any.whl", hash = "sha256:7f71572defaecd16372f9006f33c2ec8c077c3cfa6f5911a9a90202beb513f3d"},
    {file = "requests_oauthlib-1.3.0-py3.7.egg", hash = "sha256:fa6c47b933f01060936d87ae9327fead68768b69c6c9ea2109c48be30f2d4dbc"},
]
six = [
    {file = "six-1.16.0-py2.py3-none-any.whl", hash = "sha256:8abb2f1d86890a2dfb989f9a77cfcfd3e47c2a354b01111771326f8aa26e0254"},
    {file = "six-1.16.0.tar.gz", hash = "sha256:1e61c37477a1626458e36f7b1d82aa5c9b094fa4802892072e49de9c60c4c926"},
]
toml = [
    {file = "toml-0.10.2-py2.py3-none-any.whl", hash = "sha256:806143ae5bfb6a3c6e736a764057db0e6a0e05e338b5630894a5f779cabb4f9b"},
    {file = "toml-0.10.2.tar.gz", hash = "sha256:b3bda1d108d5dd99f4a20d24d9c348e91c4db7ab1b749200bded2f839ccbe68f"},
]
unidecode = [
    {file = "Unidecode-1.3.1-py3-none-any.whl", hash = "sha256:5f58926b9125b499f8ab6816828e737578fa3e31fa24d351a3ab7f4b7c064ab0"},
    {file = "Unidecode-1.3.1.tar.gz", hash = "sha256:6efac090bf8f29970afc90caf4daae87b172709b786cb1b4da2d0c0624431ecc"},
]
urllib3 = [
    {file = "urllib3-1.26.6-py2.py3-none-any.whl", hash = "sha256:39fb8672126159acb139a7718dd10806104dec1e2f0f6c88aab05d17df10c8d4"},
    {file = "urllib3-1.26.6.tar.gz", hash = "sha256:f57b4c16c62fa2760b7e3d97c35b255512fb6b59a259730f36ba32ce9f8e342f"},
]
